
Microsoft Visual Studio Solution File, Format Version 12.00
# Visual Studio Version 16
VisualStudioVersion = 16.0.33328.57
MinimumVisualStudioVersion = 10.0.40219.1
Project("{FAE04EC0-301F-11D3-BF4B-00C04F79EFBC}") = "LBA", "LBA.csproj", "{104E26C8-4C0D-4A86-ADCF-2C45CC4576E3}"
EndProject
Global
	GlobalSection(SolutionConfigurationPlatforms) = preSolution
		Debug|Any CPU = Debug|Any CPU
		Release|Any CPU = Release|Any CPU
	EndGlobalSection
	GlobalSection(ProjectConfigurationPlatforms) = postSolution
		{104E26C8-4C0D-4A86-ADCF-2C45CC4576E3}.Debug|Any CPU.ActiveCfg = Debug|Any CPU
		{104E26C8-4C0D-4A86-ADCF-2C45CC4576E3}.Debug|Any CPU.Build.0 = Debug|Any CPU
		{104E26C8-4C0D-4A86-ADCF-2C45CC4576E3}.Release|Any CPU.ActiveCfg = Release|Any CPU
		{104E26C8-4C0D-4A86-ADCF-2C45CC4576E3}.Release|Any CPU.Build.0 = Release|Any CPU
	EndGlobalSection
	GlobalSection(SolutionProperties) = preSolution
		HideSolutionNode = FALSE
	EndGlobalSection
	GlobalSection(ExtensibilityGlobals) = postSolution
		SolutionGuid = {1229CBBC-95B6-4F0D-BE63-33C1CAC5C6B0}
	EndGlobalSection
EndGlobal
